// !$*UTF8*$!
{
	archiveVersion = 1;
	classes = {
	};
	objectVersion = 50;
	objects = {

/* Begin PBXBuildFile section */
		25A358A58FC66DE80AC9EE6B /* Pods_MeasureARPusher.framework in Frameworks */ = {isa = PBXBuildFile; fileRef = 81F9F21FEC344D543B003BC9 /* Pods_MeasureARPusher.framework */; };
		CE2D2082236F736F00332592 /* AppDelegate.swift in Sources */ = {isa = PBXBuildFile; fileRef = CE2D2081236F736F00332592 /* AppDelegate.swift */; };
		CE2D2084236F736F00332592 /* ViewController.swift in Sources */ = {isa = PBXBuildFile; fileRef = CE2D2083236F736F00332592 /* ViewController.swift */; };
		CE2D2087236F736F00332592 /* Main.storyboard in Resources */ = {isa = PBXBuildFile; fileRef = CE2D2085236F736F00332592 /* Main.storyboard */; };
		CE2D2089236F737000332592 /* Assets.xcassets in Resources */ = {isa = PBXBuildFile; fileRef = CE2D2088236F737000332592 /* Assets.xcassets */; };
		CE2D208C236F737100332592 /* LaunchScreen.storyboard in Resources */ = {isa = PBXBuildFile; fileRef = CE2D208A236F737100332592 /* LaunchScreen.storyboard */; };
/* End PBXBuildFile section */

/* Begin PBXFileReference section */
		81F9F21FEC344D543B003BC9 /* Pods_MeasureARPusher.framework */ = {isa = PBXFileReference; explicitFileType = wrapper.framework; includeInIndex = 0; path = Pods_MeasureARPusher.framework; sourceTree = BUILT_PRODUCTS_DIR; };
		CE2D207E236F736F00332592 /* MeasureARPusher.app */ = {isa = PBXFileReference; explicitFileType = wrapper.application; includeInIndex = 0; path = MeasureARPusher.app; sourceTree = BUILT_PRODUCTS_DIR; };
		CE2D2081236F736F00332592 /* AppDelegate.swift */ = {isa = PBXFileReference; lastKnownFileType = sourcecode.swift; path = AppDelegate.swift; sourceTree = "<group>"; };
		CE2D2083236F736F00332592 /* ViewController.swift */ = {isa = PBXFileReference; lastKnownFileType = sourcecode.swift; path = ViewController.swift; sourceTree = "<group>"; };
		CE2D2086236F736F00332592 /* Base */ = {isa = PBXFileReference; lastKnownFileType = file.storyboard; name = Base; path = Base.lproj/Main.storyboard; sourceTree = "<group>"; };
		CE2D2088236F737000332592 /* Assets.xcassets */ = {isa = PBXFileReference; lastKnownFileType = folder.assetcatalog; path = Assets.xcassets; sourceTree = "<group>"; };
		CE2D208B236F737100332592 /* Base */ = {isa = PBXFileReference; lastKnownFileType = file.storyboard; name = Base; path = Base.lproj/LaunchScreen.storyboard; sourceTree = "<group>"; };
		CE2D208D236F737100332592 /* Info.plist */ = {isa = PBXFileReference; lastKnownFileType = text.plist.xml; path = Info.plist; sourceTree = "<group>"; };
		EE42F23157934299159C0FEC /* Pods-MeasureARPusher.release.xcconfig */ = {isa = PBXFileReference; includeInIndex = 1; lastKnownFileType = text.xcconfig; name = "Pods-MeasureARPusher.release.xcconfig"; path = "Target Support Files/Pods-MeasureARPusher/Pods-MeasureARPusher.release.xcconfig"; sourceTree = "<group>"; };
		F62067B3021C1042B24AA500 /* Pods-MeasureARPusher.debug.xcconfig */ = {isa = PBXFileReference; includeInIndex = 1; lastKnownFileType = text.xcconfig; name = "Pods-MeasureARPusher.debug.xcconfig"; path = "Target Support Files/Pods-MeasureARPusher/Pods-MeasureARPusher.debug.xcconfig"; sourceTree = "<group>"; };
/* End PBXFileReference section */

/* Begin PBXFrameworksBuildPhase section */
		CE2D207B236F736F00332592 /* Frameworks */ = {
			isa = PBXFrameworksBuildPhase;
			buildActionMask = 2147483647;
			files = (
				25A358A58FC66DE80AC9EE6B /* Pods_MeasureARPusher.framework in Frameworks */,
			);
			runOnlyForDeploymentPostprocessing = 0;
		};
/* End PBXFrameworksBuildPhase section */

/* Begin PBXGroup section */
		036FC4C8B5B6337817D4FFA4 /* Pods */ = {
			isa = PBXGroup;
			children = (
				F62067B3021C1042B24AA500 /* Pods-MeasureARPusher.debug.xcconfig */,
				EE42F23157934299159C0FEC /* Pods-MeasureARPusher.release.xcconfig */,
			);
			path = Pods;
			sourceTree = "<group>";
		};
		A084EF937C32FB200C2734BB /* Frameworks */ = {
			isa = PBXGroup;
			children = (
				81F9F21FEC344D543B003BC9 /* Pods_MeasureARPusher.framework */,
			);
			name = Frameworks;
			sourceTree = "<group>";
		};
		CE2D2075236F736E00332592 = {
			isa = PBXGroup;
			children = (
				CE2D2080236F736F00332592 /* MeasureARPusher */,
				CE2D207F236F736F00332592 /* Products */,
				036FC4C8B5B6337817D4FFA4 /* Pods */,
				A084EF937C32FB200C2734BB /* Frameworks */,
			);
			sourceTree = "<group>";
		};
		CE2D207F236F736F00332592 /* Products */ = {
			isa = PBXGroup;
			children = (
				CE2D207E236F736F00332592 /* MeasureARPusher.app */,
			);
			name = Products;
			sourceTree = "<group>";
		};
		CE2D2080236F736F00332592 /* MeasureARPusher */ = {
			isa = PBXGroup;
			children = (
				CE2D2081236F736F00332592 /* AppDelegate.swift */,
				CE2D2083236F736F00332592 /* ViewController.swift */,
				CE2D2085236F736F00332592 /* Main.storyboard */,
				CE2D2088236F737000332592 /* Assets.xcassets */,
				CE2D208A236F737100332592 /* LaunchScreen.storyboard */,
				CE2D208D236F737100332592 /* Info.plist */,
			);
			path = MeasureARPusher;
			sourceTree = "<group>";
		};
/* End PBXGroup section */

/* Begin PBXNativeTarget section */
		CE2D207D236F736F00332592 /* MeasureARPusher */ = {
			isa = PBXNativeTarget;
			buildConfigurationList = CE2D2090236F737100332592 /* Build configuration list for PBXNativeTarget "MeasureARPusher" */;
			buildPhases = (
				A92C1F3D08D09F03AE413438 /* [CP] Check Pods Manifest.lock */,
				CE2D207A236F736F00332592 /* Sources */,
				CE2D207B236F736F00332592 /* Frameworks */,
				CE2D207C236F736F00332592 /* Resources */,
				4A52385C735546B13E965388 /* [CP] Embed Pods Frameworks */,
			);
			buildRules = (
			);
			dependencies = (
			);
			name = MeasureARPusher;
			productName = MeasureARPusher;
			productReference = CE2D207E236F736F00332592 /* MeasureARPusher.app */;
			productType = "com.apple.product-type.application";
		};
/* End PBXNativeTarget section */

/* Begin PBXProject section */
		CE2D2076236F736F00332592 /* Project object */ = {
			isa = PBXProject;
			attributes = {
				LastSwiftUpdateCheck = 0940;
				LastUpgradeCheck = 0940;
				ORGANIZATIONNAME = "Gillian Mosher";
				TargetAttributes = {
					CE2D207D236F736F00332592 = {
						CreatedOnToolsVersion = 9.4.1;
					};
				};
			};
			buildConfigurationList = CE2D2079236F736F00332592 /* Build configuration list for PBXProject "MeasureARPusher" */;
			compatibilityVersion = "Xcode 9.3";
			developmentRegion = en;
			hasScannedForEncodings = 0;
			knownRegions = (
				en,
				Base,
			);
			mainGroup = CE2D2075236F736E00332592;
			productRefGroup = CE2D207F236F736F00332592 /* Products */;
			projectDirPath = "";
			projectRoot = "";
			targets = (
				CE2D207D236F736F00332592 /* MeasureARPusher */,
			);
		};
/* End PBXProject section */

/* Begin PBXResourcesBuildPhase section */
		CE2D207C236F736F00332592 /* Resources */ = {
			isa = PBXResourcesBuildPhase;
			buildActionMask = 2147483647;
			files = (
				CE2D208C236F737100332592 /* LaunchScreen.storyboard in Resources */,
				CE2D2089236F737000332592 /* Assets.xcassets in Resources */,
				CE2D2087236F736F00332592 /* Main.storyboard in Resources */,
			);
			runOnlyForDeploymentPostprocessing = 0;
		};
/* End PBXResourcesBuildPhase section */

/* Begin PBXShellScriptBuildPhase section */
		4A52385C735546B13E965388 /* [CP] Embed Pods Frameworks */ = {
			isa = PBXShellScriptBuildPhase;
			buildActionMask = 2147483647;
			files = (
			);
			name = "[CP] Embed Pods Frameworks";
			runOnlyForDeploymentPostprocessing = 0;
			shellPath = /bin/sh;
			shellScript = "\"${PODS_ROOT}/Target Support Files/Pods-MeasureARPusher/Pods-MeasureARPusher-frameworks.sh\"\n";
			showEnvVarsInLog = 0;
		};
		A92C1F3D08D09F03AE413438 /* [CP] Check Pods Manifest.lock */ = {
			isa = PBXShellScriptBuildPhase;
			buildActionMask = 2147483647;
			files = (
			);
			inputPaths = (
				"${PODS_PODFILE_DIR_PATH}/Podfile.lock",
				"${PODS_ROOT}/Manifest.lock",
			);
			name = "[CP] Check Pods Manifest.lock";
			outputPaths = (
				"$(DERIVED_FILE_DIR)/Pods-MeasureARPusher-checkManifestLockResult.txt",
			);
			runOnlyForDeploymentPostprocessing = 0;
			shellPath = /bin/sh;
			shellScript = "diff \"${PODS_PODFILE_DIR_PATH}/Podfile.lock\" \"${PODS_ROOT}/Manifest.lock\" > /dev/null\nif [ $? != 0 ] ; then\n    # print error to STDERR\n    echo \"error: The sandbox is not in sync with the Podfile.lock. Run 'pod install' or update your CocoaPods installation.\" >&2\n    exit 1\nfi\n# This output is used by Xcode 'outputs' to avoid re-running this script phase.\necho \"SUCCESS\" > \"${SCRIPT_OUTPUT_FILE_0}\"\n";
			showEnvVarsInLog = 0;
		};
/* End PBXShellScriptBuildPhase section */

/* Begin PBXSourcesBuildPhase section */
		CE2D207A236F736F00332592 /* Sources */ = {
			isa = PBXSourcesBuildPhase;
			buildActionMask = 2147483647;
			files = (
				CE2D2084236F736F00332592 /* ViewController.swift in Sources */,
				CE2D2082236F736F00332592 /* AppDelegate.swift in Sources */,
			);
			runOnlyForDeploymentPostprocessing = 0;
		};
/* End PBXSourcesBuildPhase section */

/* Begin PBXVariantGroup section */
		CE2D2085236F736F00332592 /* Main.storyboard */ = {
			isa = PBXVariantGroup;
			children = (
				CE2D2086236F736F00332592 /* Base */,
			);
			name = Main.storyboard;
			sourceTree = "<group>";
		};
		CE2D208A236F737100332592 /* LaunchScreen.storyboard */ = {
			isa = PBXVariantGroup;
			children = (
				CE2D208B236F737100332592 /* Base */,
			);
			name = LaunchScreen.storyboard;
			sourceTree = "<group>";
		};
/* End PBXVariantGroup section */

/* Begin XCBuildConfiguration section */
		CE2D208E236F737100332592 /* Debug */ = {
			isa = XCBuildConfiguration;
			buildSettings = {
				ALWAYS_SEARCH_USER_PATHS = NO;
				CLANG_ANALYZER_NONNULL = YES;
				CLANG_ANALYZER_NUMBER_OBJECT_CONVERSION = YES_AGGRESSIVE;
				CLANG_CXX_LANGUAGE_STANDARD = "gnu++14";
				CLANG_CXX_LIBRARY = "libc++";
				CLANG_ENABLE_MODULES = YES;
				CLANG_ENABLE_OBJC_ARC = YES;
				CLANG_ENABLE_OBJC_WEAK = YES;
				CLANG_WARN_BLOCK_CAPTURE_AUTORELEASING = YES;
				CLANG_WARN_BOOL_CONVERSION = YES;
				CLANG_WARN_COMMA = YES;
				CLANG_WARN_CONSTANT_CONVERSION = YES;
				CLANG_WARN_DEPRECATED_OBJC_IMPLEMENTATIONS = YES;
				CLANG_WARN_DIRECT_OBJC_ISA_USAGE = YES_ERROR;
				CLANG_WARN_DOCUMENTATION_COMMENTS = YES;
				CLANG_WARN_EMPTY_BODY = YES;
				CLANG_WARN_ENUM_CONVERSION = YES;
				CLANG_WARN_INFINITE_RECURSION = YES;
				CLANG_WARN_INT_CONVERSION = YES;
				CLANG_WARN_NON_LITERAL_NULL_CONVERSION = YES;
				CLANG_WARN_OBJC_IMPLICIT_RETAIN_SELF = YES;
				CLANG_WARN_OBJC_LITERAL_CONVERSION = YES;
				CLANG_WARN_OBJC_ROOT_CLASS = YES_ERROR;
				CLANG_WARN_RANGE_LOOP_ANALYSIS = YES;
				CLANG_WARN_STRICT_PROTOTYPES = YES;
				CLANG_WARN_SUSPICIOUS_MOVE = YES;
				CLANG_WARN_UNGUARDED_AVAILABILITY = YES_AGGRESSIVE;
				CLANG_WARN_UNREACHABLE_CODE = YES;
				CLANG_WARN__DUPLICATE_METHOD_MATCH = YES;
				CODE_SIGN_IDENTITY = "iPhone Developer";
				COPY_PHASE_STRIP = NO;
				DEBUG_INFORMATION_FORMAT = dwarf;
				ENABLE_STRICT_OBJC_MSGSEND = YES;
				ENABLE_TESTABILITY = YES;
				GCC_C_LANGUAGE_STANDARD = gnu11;
				GCC_DYNAMIC_NO_PIC = NO;
				GCC_NO_COMMON_BLOCKS = YES;
				GCC_OPTIMIZATION_LEVEL = 0;
				GCC_PREPROCESSOR_DEFINITIONS = (
					"DEBUG=1",
					"$(inherited)",
				);
				GCC_WARN_64_TO_32_BIT_CONVERSION = YES;
				GCC_WARN_ABOUT_RETURN_TYPE = YES_ERROR;
				GCC_WARN_UNDECLARED_SELECTOR = YES;
				GCC_WARN_UNINITIALIZED_AUTOS = YES_AGGRESSIVE;
				GCC_WARN_UNUSED_FUNCTION = YES;
				GCC_WARN_UNUSED_VARIABLE = YES;
				IPHONEOS_DEPLOYMENT_TARGET = 11.4;
				MTL_ENABLE_DEBUG_INFO = YES;
				ONLY_ACTIVE_ARCH = YES;
				SDKROOT = iphoneos;
				SWIFT_ACTIVE_COMPILATION_CONDITIONS = DEBUG;
				SWIFT_OPTIMIZATION_LEVEL = "-Onone";
			};
			name = Debug;
		};
		CE2D208F236F737100332592 /* Release */ = {
			isa = XCBuildConfiguration;
			buildSettings = {
				ALWAYS_SEARCH_USER_PATHS = NO;
				CLANG_ANALYZER_NONNULL = YES;
				CLANG_ANALYZER_NUMBER_OBJECT_CONVERSION = YES_AGGRESSIVE;
				CLANG_CXX_LANGUAGE_STANDARD = "gnu++14";
				CLANG_CXX_LIBRARY = "libc++";
				CLANG_ENABLE_MODULES = YES;
				CLANG_ENABLE_OBJC_ARC = YES;
				CLANG_ENABLE_OBJC_WEAK = YES;
				CLANG_WARN_BLOCK_CAPTURE_AUTORELEASING = YES;
				CLANG_WARN_BOOL_CONVERSION = YES;
				CLANG_WARN_COMMA = YES;
				CLANG_WARN_CONSTANT_CONVERSION = YES;
				CLANG_WARN_DEPRECATED_OBJC_IMPLEMENTATIONS = YES;
				CLANG_WARN_DIRECT_OBJC_ISA_USAGE = YES_ERROR;
				CLANG_WARN_DOCUMENTATION_COMMENTS = YES;
				CLANG_WARN_EMPTY_BODY = YES;
				CLANG_WARN_ENUM_CONVERSION = YES;
				CLANG_WARN_INFINITE_RECURSION = YES;
				CLANG_WARN_INT_CONVERSION = YES;
				CLANG_WARN_NON_LITERAL_NULL_CONVERSION = YES;
				CLANG_WARN_OBJC_IMPLICIT_RETAIN_SELF = YES;
				CLANG_WARN_OBJC_LITERAL_CONVERSION = YES;
				CLANG_WARN_OBJC_ROOT_CLASS = YES_ERROR;
				CLANG_WARN_RANGE_LOOP_ANALYSIS = YES;
				CLANG_WARN_STRICT_PROTOTYPES = YES;
				CLANG_WARN_SUSPICIOUS_MOVE = YES;
				CLANG_WARN_UNGUARDED_AVAILABILITY = YES_AGGRESSIVE;
				CLANG_WARN_UNREACHABLE_CODE = YES;
				CLANG_WARN__DUPLICATE_METHOD_MATCH = YES;
				CODE_SIGN_IDENTITY = "iPhone Developer";
				COPY_PHASE_STRIP = NO;
				DEBUG_INFORMATION_FORMAT = "dwarf-with-dsym";
				ENABLE_NS_ASSERTIONS = NO;
				ENABLE_STRICT_OBJC_MSGSEND = YES;
				GCC_C_LANGUAGE_STANDARD = gnu11;
				GCC_NO_COMMON_BLOCKS = YES;
				GCC_WARN_64_TO_32_BIT_CONVERSION = YES;
				GCC_WARN_ABOUT_RETURN_TYPE = YES_ERROR;
				GCC_WARN_UNDECLARED_SELECTOR = YES;
				GCC_WARN_UNINITIALIZED_AUTOS = YES_AGGRESSIVE;
				GCC_WARN_UNUSED_FUNCTION = YES;
				GCC_WARN_UNUSED_VARIABLE = YES;
				IPHONEOS_DEPLOYMENT_TARGET = 11.4;
				MTL_ENABLE_DEBUG_INFO = NO;
				SDKROOT = iphoneos;
				SWIFT_COMPILATION_MODE = wholemodule;
				SWIFT_OPTIMIZATION_LEVEL = "-O";
				VALIDATE_PRODUCT = YES;
			};
			name = Release;
		};
		CE2D2091236F737100332592 /* Debug */ = {
			isa = XCBuildConfiguration;
			baseConfigurationReference = F62067B3021C1042B24AA500 /* Pods-MeasureARPusher.debug.xcconfig */;
			buildSettings = {
				ASSETCATALOG_COMPILER_APPICON_NAME = AppIcon;
				CODE_SIGN_STYLE = Automatic;
				DEVELOPMENT_TEAM = Y94SWT95X2;
				INFOPLIST_FILE = MeasureARPusher/Info.plist;
				LD_RUNPATH_SEARCH_PATHS = (
					"$(inherited)",
					"@executable_path/Frameworks",
				);
				PRODUCT_BUNDLE_IDENTIFIER = com.mycompany.MeasurementARPusher;
				PRODUCT_NAME = "$(TARGET_NAME)";
				SWIFT_VERSION = 4.0;
				TARGETED_DEVICE_FAMILY = "1,2";
			};
			name = Debug;
		};
		CE2D2092236F737100332592 /* Release */ = {
			isa = XCBuildConfiguration;
			baseConfigurationReference = EE42F23157934299159C0FEC /* Pods-MeasureARPusher.release.xcconfig */;
			buildSettings = {
				ASSETCATALOG_COMPILER_APPICON_NAME = AppIcon;
				CODE_SIGN_STYLE = Automatic;
				DEVELOPMENT_TEAM = Y94SWT95X2;
				INFOPLIST_FILE = MeasureARPusher/Info.plist;
				LD_RUNPATH_SEARCH_PATHS = (
					"$(inherited)",
					"@executable_path/Frameworks",
				);
				PRODUCT_BUNDLE_IDENTIFIER = com.mycompany.MeasurementARPusher;
				PRODUCT_NAME = "$(TARGET_NAME)";
				SWIFT_VERSION = 4.0;
				TARGETED_DEVICE_FAMILY = "1,2";
			};
			name = Release;
		};
/* End XCBuildConfiguration section */

/* Begin XCConfigurationList section */
		CE2D2079236F736F00332592 /* Build configuration list for PBXProject "MeasureARPusher" */ = {
			isa = XCConfigurationList;
			buildConfigurations = (
				CE2D208E236F737100332592 /* Debug */,
				CE2D208F236F737100332592 /* Release */,
			);
			defaultConfigurationIsVisible = 0;
			defaultConfigurationName = Release;
		};
		CE2D2090236F737100332592 /* Build configuration list for PBXNativeTarget "MeasureARPusher" */ = {
			isa = XCConfigurationList;
			buildConfigurations = (
				CE2D2091236F737100332592 /* Debug */,
				CE2D2092236F737100332592 /* Release */,
			);
			defaultConfigurationIsVisible = 0;
			defaultConfigurationName = Release;
		};
/* End XCConfigurationList section */
	};
	rootObject = CE2D2076236F736F00332592 /* Project object */;
}
